
Microsoft Visual Studio Solution File, Format Version 12.00
# Visual Studio Version 16
VisualStudioVersion = 16.0.31005.135
MinimumVisualStudioVersion = 10.0.40219.1
Project("{9A19103F-16F7-4668-BE54-9A1E7A4F7556}") = "ReactivePropertySample", "ReactivePropertySample\ReactivePropertySample.csproj", "{B17ED930-1F0B-4263-A432-A9FCD3F3F58B}"
EndProject
Project("{9A19103F-16F7-4668-BE54-9A1E7A4F7556}") = "ReactivePropertySample.Core", "ReactivePropertySample.Core\ReactivePropertySample.Core.csproj", "{38386BFB-59D1-4B64-91F0-5BE56D785F91}"
EndProject
Global
	GlobalSection(SolutionConfigurationPlatforms) = preSolution
		Debug|Any CPU = Debug|Any CPU
		Release|Any CPU = Release|Any CPU
	EndGlobalSection
	GlobalSection(ProjectConfigurationPlatforms) = postSolution
		{B17ED930-1F0B-4263-A432-A9FCD3F3F58B}.Debug|Any CPU.ActiveCfg = Debug|Any CPU
		{B17ED930-1F0B-4263-A432-A9FCD3F3F58B}.Debug|Any CPU.Build.0 = Debug|Any CPU
		{B17ED930-1F0B-4263-A432-A9FCD3F3F58B}.Release|Any CPU.ActiveCfg = Release|Any CPU
		{B17ED930-1F0B-4263-A432-A9FCD3F3F58B}.Release|Any CPU.Build.0 = Release|Any CPU
		{38386BFB-59D1-4B64-91F0-5BE56D785F91}.Debug|Any CPU.ActiveCfg = Debug|Any CPU
		{38386BFB-59D1-4B64-91F0-5BE56D785F91}.Debug|Any CPU.Build.0 = Debug|Any CPU
		{38386BFB-59D1-4B64-91F0-5BE56D785F91}.Release|Any CPU.ActiveCfg = Release|Any CPU
		{38386BFB-59D1-4B64-91F0-5BE56D785F91}.Release|Any CPU.Build.0 = Release|Any CPU
	EndGlobalSection
	GlobalSection(SolutionProperties) = preSolution
		HideSolutionNode = FALSE
	EndGlobalSection
	GlobalSection(ExtensibilityGlobals) = postSolution
		SolutionGuid = {E7E4A63D-90E2-486A-A1B8-D5BCD281B8F7}
	EndGlobalSection
EndGlobal
