
Microsoft Visual Studio Solution File, Format Version 12.00
# Visual Studio Version 16
VisualStudioVersion = 16.0.31005.135
MinimumVisualStudioVersion = 10.0.40219.1
Project("{FAE04EC0-301F-11D3-BF4B-00C04F79EFBC}") = "ReactivePropertySample_VVM", "ReactivePropertySample\ReactivePropertySample_VVM.csproj", "{B17ED930-1F0B-4263-A432-A9FCD3F3F58B}"
EndProject
Project("{FAE04EC0-301F-11D3-BF4B-00C04F79EFBC}") = "ReactivePropertySample_M", "ReactivePropertySample_M\ReactivePropertySample_M.csproj", "{BD5FDF7D-665D-4826-9D9F-F7D64793F9B0}"
EndProject
Global
	GlobalSection(SolutionConfigurationPlatforms) = preSolution
		Debug|Any CPU = Debug|Any CPU
		Release|Any CPU = Release|Any CPU
	EndGlobalSection
	GlobalSection(ProjectConfigurationPlatforms) = postSolution
		{B17ED930-1F0B-4263-A432-A9FCD3F3F58B}.Debug|Any CPU.ActiveCfg = Debug|Any CPU
		{B17ED930-1F0B-4263-A432-A9FCD3F3F58B}.Debug|Any CPU.Build.0 = Debug|Any CPU
		{B17ED930-1F0B-4263-A432-A9FCD3F3F58B}.Release|Any CPU.ActiveCfg = Release|Any CPU
		{B17ED930-1F0B-4263-A432-A9FCD3F3F58B}.Release|Any CPU.Build.0 = Release|Any CPU
		{BD5FDF7D-665D-4826-9D9F-F7D64793F9B0}.Debug|Any CPU.ActiveCfg = Debug|Any CPU
		{BD5FDF7D-665D-4826-9D9F-F7D64793F9B0}.Debug|Any CPU.Build.0 = Debug|Any CPU
		{BD5FDF7D-665D-4826-9D9F-F7D64793F9B0}.Release|Any CPU.ActiveCfg = Release|Any CPU
		{BD5FDF7D-665D-4826-9D9F-F7D64793F9B0}.Release|Any CPU.Build.0 = Release|Any CPU
	EndGlobalSection
	GlobalSection(SolutionProperties) = preSolution
		HideSolutionNode = FALSE
	EndGlobalSection
	GlobalSection(ExtensibilityGlobals) = postSolution
		SolutionGuid = {E7E4A63D-90E2-486A-A1B8-D5BCD281B8F7}
	EndGlobalSection
EndGlobal
